
Microsoft Visual Studio Solution File, Format Version 12.00
# Visual Studio 15
VisualStudioVersion = 15.0.26430.14
MinimumVisualStudioVersion = 10.0.40219.1
Project("{8BC9CEB8-8B4A-11D0-8D11-00A0C91BC942}") = "GoogleTest", "GoogleTest\GoogleTest.vcxproj", "{CF43A43D-7200-418A-8303-39EB45B54211}"
EndProject
Project("{8BC9CEB8-8B4A-11D0-8D11-00A0C91BC942}") = "UnitTest_MyClient", "UnitTest_MyClient\UnitTest_MyClient.vcxproj", "{6CADFC8B-6D63-468B-AC90-4005BF9C4B82}"
	ProjectSection(ProjectDependencies) = postProject
		{EABAE121-0EAC-4EB3-98C2-C0EB89D2DBBE} = {EABAE121-0EAC-4EB3-98C2-C0EB89D2DBBE}
		{3F2742E4-058D-40BA-AE99-B9581382B2B1} = {3F2742E4-058D-40BA-AE99-B9581382B2B1}
		{25C4A8F7-5842-4A00-9D1A-60D921893299} = {25C4A8F7-5842-4A00-9D1A-60D921893299}
	EndProjectSection
EndProject
Project("{8BC9CEB8-8B4A-11D0-8D11-00A0C91BC942}") = "POSTServer", "POSTServer\POSTServer.vcxproj", "{CCA430B8-2E69-4F31-AFD0-40F8E270EDDA}"
EndProject
Project("{8BC9CEB8-8B4A-11D0-8D11-00A0C91BC942}") = "AsincMailDll", "AsincMailDll\AsincMailDll.vcxproj", "{76A57524-F547-44E4-BA74-593C69014D38}"
EndProject
Project("{8BC9CEB8-8B4A-11D0-8D11-00A0C91BC942}") = "XMLLiteServerDll", "XMLLiteServerDll\XMLLiteServerDll.vcxproj", "{B017202E-B526-4912-A69E-2AA9515A7EDD}"
EndProject
Project("{8BC9CEB8-8B4A-11D0-8D11-00A0C91BC942}") = "XMLLiteReaderDll", "XMLLiteReaderDll\XMLLiteReaderDll.vcxproj", "{25C4A8F7-5842-4A00-9D1A-60D921893299}"
EndProject
Project("{8BC9CEB8-8B4A-11D0-8D11-00A0C91BC942}") = "TaskManagerDll", "TaskManagerDll\TaskManagerDll.vcxproj", "{EABAE121-0EAC-4EB3-98C2-C0EB89D2DBBE}"
EndProject
Project("{8BC9CEB8-8B4A-11D0-8D11-00A0C91BC942}") = "POSTClient", "POSTClient\POSTClient.vcxproj", "{3F2742E4-058D-40BA-AE99-B9581382B2B1}"
EndProject
Project("{8BC9CEB8-8B4A-11D0-8D11-00A0C91BC942}") = "UnitTest_MyServer", "UnitTest_MyServer\UnitTest_MyServer.vcxproj", "{9E96C50A-7941-4451-91BE-AD4C0798179D}"
	ProjectSection(ProjectDependencies) = postProject
		{CCA430B8-2E69-4F31-AFD0-40F8E270EDDA} = {CCA430B8-2E69-4F31-AFD0-40F8E270EDDA}
	EndProjectSection
EndProject
Global
	GlobalSection(SolutionConfigurationPlatforms) = preSolution
		Debug|Win32 = Debug|Win32
		Debug|x64 = Debug|x64
		Release|Win32 = Release|Win32
		Release|x64 = Release|x64
	EndGlobalSection
	GlobalSection(ProjectConfigurationPlatforms) = postSolution
		{CF43A43D-7200-418A-8303-39EB45B54211}.Debug|Win32.ActiveCfg = Debug|Win32
		{CF43A43D-7200-418A-8303-39EB45B54211}.Debug|Win32.Build.0 = Debug|Win32
		{CF43A43D-7200-418A-8303-39EB45B54211}.Debug|x64.ActiveCfg = Debug|x64
		{CF43A43D-7200-418A-8303-39EB45B54211}.Debug|x64.Build.0 = Debug|x64
		{CF43A43D-7200-418A-8303-39EB45B54211}.Release|Win32.ActiveCfg = Release|Win32
		{CF43A43D-7200-418A-8303-39EB45B54211}.Release|Win32.Build.0 = Release|Win32
		{CF43A43D-7200-418A-8303-39EB45B54211}.Release|x64.ActiveCfg = Release|x64
		{CF43A43D-7200-418A-8303-39EB45B54211}.Release|x64.Build.0 = Release|x64
		{6CADFC8B-6D63-468B-AC90-4005BF9C4B82}.Debug|Win32.ActiveCfg = Debug|Win32
		{6CADFC8B-6D63-468B-AC90-4005BF9C4B82}.Debug|Win32.Build.0 = Debug|Win32
		{6CADFC8B-6D63-468B-AC90-4005BF9C4B82}.Debug|x64.ActiveCfg = Debug|x64
		{6CADFC8B-6D63-468B-AC90-4005BF9C4B82}.Debug|x64.Build.0 = Debug|x64
		{6CADFC8B-6D63-468B-AC90-4005BF9C4B82}.Release|Win32.ActiveCfg = Release|Win32
		{6CADFC8B-6D63-468B-AC90-4005BF9C4B82}.Release|Win32.Build.0 = Release|Win32
		{6CADFC8B-6D63-468B-AC90-4005BF9C4B82}.Release|x64.ActiveCfg = Release|x64
		{6CADFC8B-6D63-468B-AC90-4005BF9C4B82}.Release|x64.Build.0 = Release|x64
		{CCA430B8-2E69-4F31-AFD0-40F8E270EDDA}.Debug|Win32.ActiveCfg = Debug|Win32
		{CCA430B8-2E69-4F31-AFD0-40F8E270EDDA}.Debug|Win32.Build.0 = Debug|Win32
		{CCA430B8-2E69-4F31-AFD0-40F8E270EDDA}.Debug|x64.ActiveCfg = Debug|x64
		{CCA430B8-2E69-4F31-AFD0-40F8E270EDDA}.Debug|x64.Build.0 = Debug|x64
		{CCA430B8-2E69-4F31-AFD0-40F8E270EDDA}.Release|Win32.ActiveCfg = Release|Win32
		{CCA430B8-2E69-4F31-AFD0-40F8E270EDDA}.Release|Win32.Build.0 = Release|Win32
		{CCA430B8-2E69-4F31-AFD0-40F8E270EDDA}.Release|x64.ActiveCfg = Release|x64
		{CCA430B8-2E69-4F31-AFD0-40F8E270EDDA}.Release|x64.Build.0 = Release|x64
		{76A57524-F547-44E4-BA74-593C69014D38}.Debug|Win32.ActiveCfg = Debug|Win32
		{76A57524-F547-44E4-BA74-593C69014D38}.Debug|Win32.Build.0 = Debug|Win32
		{76A57524-F547-44E4-BA74-593C69014D38}.Debug|x64.ActiveCfg = Debug|x64
		{76A57524-F547-44E4-BA74-593C69014D38}.Debug|x64.Build.0 = Debug|x64
		{76A57524-F547-44E4-BA74-593C69014D38}.Release|Win32.ActiveCfg = Release|Win32
		{76A57524-F547-44E4-BA74-593C69014D38}.Release|Win32.Build.0 = Release|Win32
		{76A57524-F547-44E4-BA74-593C69014D38}.Release|x64.ActiveCfg = Release|x64
		{76A57524-F547-44E4-BA74-593C69014D38}.Release|x64.Build.0 = Release|x64
		{B017202E-B526-4912-A69E-2AA9515A7EDD}.Debug|Win32.ActiveCfg = Debug|Win32
		{B017202E-B526-4912-A69E-2AA9515A7EDD}.Debug|Win32.Build.0 = Debug|Win32
		{B017202E-B526-4912-A69E-2AA9515A7EDD}.Debug|x64.ActiveCfg = Debug|x64
		{B017202E-B526-4912-A69E-2AA9515A7EDD}.Debug|x64.Build.0 = Debug|x64
		{B017202E-B526-4912-A69E-2AA9515A7EDD}.Release|Win32.ActiveCfg = Release|Win32
		{B017202E-B526-4912-A69E-2AA9515A7EDD}.Release|Win32.Build.0 = Release|Win32
		{B017202E-B526-4912-A69E-2AA9515A7EDD}.Release|x64.ActiveCfg = Release|x64
		{B017202E-B526-4912-A69E-2AA9515A7EDD}.Release|x64.Build.0 = Release|x64
		{25C4A8F7-5842-4A00-9D1A-60D921893299}.Debug|Win32.ActiveCfg = Debug|Win32
		{25C4A8F7-5842-4A00-9D1A-60D921893299}.Debug|Win32.Build.0 = Debug|Win32
		{25C4A8F7-5842-4A00-9D1A-60D921893299}.Debug|x64.ActiveCfg = Debug|x64
		{25C4A8F7-5842-4A00-9D1A-60D921893299}.Debug|x64.Build.0 = Debug|x64
		{25C4A8F7-5842-4A00-9D1A-60D921893299}.Release|Win32.ActiveCfg = Release|Win32
		{25C4A8F7-5842-4A00-9D1A-60D921893299}.Release|Win32.Build.0 = Release|Win32
		{25C4A8F7-5842-4A00-9D1A-60D921893299}.Release|x64.ActiveCfg = Release|x64
		{25C4A8F7-5842-4A00-9D1A-60D921893299}.Release|x64.Build.0 = Release|x64
		{EABAE121-0EAC-4EB3-98C2-C0EB89D2DBBE}.Debug|Win32.ActiveCfg = Debug|Win32
		{EABAE121-0EAC-4EB3-98C2-C0EB89D2DBBE}.Debug|Win32.Build.0 = Debug|Win32
		{EABAE121-0EAC-4EB3-98C2-C0EB89D2DBBE}.Debug|x64.ActiveCfg = Debug|x64
		{EABAE121-0EAC-4EB3-98C2-C0EB89D2DBBE}.Debug|x64.Build.0 = Debug|x64
		{EABAE121-0EAC-4EB3-98C2-C0EB89D2DBBE}.Release|Win32.ActiveCfg = Release|Win32
		{EABAE121-0EAC-4EB3-98C2-C0EB89D2DBBE}.Release|Win32.Build.0 = Release|Win32
		{EABAE121-0EAC-4EB3-98C2-C0EB89D2DBBE}.Release|x64.ActiveCfg = Release|x64
		{EABAE121-0EAC-4EB3-98C2-C0EB89D2DBBE}.Release|x64.Build.0 = Release|x64
		{3F2742E4-058D-40BA-AE99-B9581382B2B1}.Debug|Win32.ActiveCfg = Debug|Win32
		{3F2742E4-058D-40BA-AE99-B9581382B2B1}.Debug|Win32.Build.0 = Debug|Win32
		{3F2742E4-058D-40BA-AE99-B9581382B2B1}.Debug|x64.ActiveCfg = Debug|x64
		{3F2742E4-058D-40BA-AE99-B9581382B2B1}.Debug|x64.Build.0 = Debug|x64
		{3F2742E4-058D-40BA-AE99-B9581382B2B1}.Release|Win32.ActiveCfg = Release|Win32
		{3F2742E4-058D-40BA-AE99-B9581382B2B1}.Release|Win32.Build.0 = Release|Win32
		{3F2742E4-058D-40BA-AE99-B9581382B2B1}.Release|x64.ActiveCfg = Release|x64
		{3F2742E4-058D-40BA-AE99-B9581382B2B1}.Release|x64.Build.0 = Release|x64
		{9E96C50A-7941-4451-91BE-AD4C0798179D}.Debug|Win32.ActiveCfg = Debug|Win32
		{9E96C50A-7941-4451-91BE-AD4C0798179D}.Debug|Win32.Build.0 = Debug|Win32
		{9E96C50A-7941-4451-91BE-AD4C0798179D}.Debug|x64.ActiveCfg = Debug|x64
		{9E96C50A-7941-4451-91BE-AD4C0798179D}.Debug|x64.Build.0 = Debug|x64
		{9E96C50A-7941-4451-91BE-AD4C0798179D}.Release|Win32.ActiveCfg = Release|Win32
		{9E96C50A-7941-4451-91BE-AD4C0798179D}.Release|Win32.Build.0 = Release|Win32
		{9E96C50A-7941-4451-91BE-AD4C0798179D}.Release|x64.ActiveCfg = Release|x64
		{9E96C50A-7941-4451-91BE-AD4C0798179D}.Release|x64.Build.0 = Release|x64
	EndGlobalSection
	GlobalSection(SolutionProperties) = preSolution
		HideSolutionNode = FALSE
	EndGlobalSection
EndGlobal
